// !$*UTF8*$!
{
	archiveVersion = 1;
	classes = {
	};
	objectVersion = 50;
	objects = {

/* Begin PBXBuildFile section */
		231D4150A3EB9021F2018120 /* libPods-Hakaton.a in Frameworks */ = {isa = PBXBuildFile; fileRef = 5D6DA1B06094E6B633CA8EBB /* libPods-Hakaton.a */; };
		B293EEBC2189C3E800318563 /* AppDelegate.m in Sources */ = {isa = PBXBuildFile; fileRef = B293EEBB2189C3E800318563 /* AppDelegate.m */; };
		B293EEBE2189C3E800318563 /* art.scnassets in Resources */ = {isa = PBXBuildFile; fileRef = B293EEBD2189C3E800318563 /* art.scnassets */; };
		B293EEC12189C3E800318563 /* ViewController.m in Sources */ = {isa = PBXBuildFile; fileRef = B293EEC02189C3E800318563 /* ViewController.m */; };
		B293EEC42189C3E800318563 /* Main.storyboard in Resources */ = {isa = PBXBuildFile; fileRef = B293EEC22189C3E800318563 /* Main.storyboard */; };
		B293EEC62189C3EB00318563 /* Assets.xcassets in Resources */ = {isa = PBXBuildFile; fileRef = B293EEC52189C3EB00318563 /* Assets.xcassets */; };
		B293EEC92189C3EB00318563 /* LaunchScreen.storyboard in Resources */ = {isa = PBXBuildFile; fileRef = B293EEC72189C3EB00318563 /* LaunchScreen.storyboard */; };
		B293EECC2189C3EB00318563 /* main.m in Sources */ = {isa = PBXBuildFile; fileRef = B293EECB2189C3EB00318563 /* main.m */; };
/* End PBXBuildFile section */

/* Begin PBXFileReference section */
		5D6DA1B06094E6B633CA8EBB /* libPods-Hakaton.a */ = {isa = PBXFileReference; explicitFileType = archive.ar; includeInIndex = 0; path = "libPods-Hakaton.a"; sourceTree = BUILT_PRODUCTS_DIR; };
		B293EEB72189C3E800318563 /* Hakaton.app */ = {isa = PBXFileReference; explicitFileType = wrapper.application; includeInIndex = 0; path = Hakaton.app; sourceTree = BUILT_PRODUCTS_DIR; };
		B293EEBA2189C3E800318563 /* AppDelegate.h */ = {isa = PBXFileReference; lastKnownFileType = sourcecode.c.h; path = AppDelegate.h; sourceTree = "<group>"; };
		B293EEBB2189C3E800318563 /* AppDelegate.m */ = {isa = PBXFileReference; lastKnownFileType = sourcecode.c.objc; path = AppDelegate.m; sourceTree = "<group>"; };
		B293EEBD2189C3E800318563 /* art.scnassets */ = {isa = PBXFileReference; lastKnownFileType = wrapper.scnassets; path = art.scnassets; sourceTree = "<group>"; };
		B293EEBF2189C3E800318563 /* ViewController.h */ = {isa = PBXFileReference; lastKnownFileType = sourcecode.c.h; path = ViewController.h; sourceTree = "<group>"; };
		B293EEC02189C3E800318563 /* ViewController.m */ = {isa = PBXFileReference; lastKnownFileType = sourcecode.c.objc; path = ViewController.m; sourceTree = "<group>"; };
		B293EEC32189C3E800318563 /* Base */ = {isa = PBXFileReference; lastKnownFileType = file.storyboard; name = Base; path = Base.lproj/Main.storyboard; sourceTree = "<group>"; };
		B293EEC52189C3EB00318563 /* Assets.xcassets */ = {isa = PBXFileReference; lastKnownFileType = folder.assetcatalog; path = Assets.xcassets; sourceTree = "<group>"; };
		B293EEC82189C3EB00318563 /* Base */ = {isa = PBXFileReference; lastKnownFileType = file.storyboard; name = Base; path = Base.lproj/LaunchScreen.storyboard; sourceTree = "<group>"; };
		B293EECA2189C3EB00318563 /* Info.plist */ = {isa = PBXFileReference; lastKnownFileType = text.plist.xml; path = Info.plist; sourceTree = "<group>"; };
		B293EECB2189C3EB00318563 /* main.m */ = {isa = PBXFileReference; lastKnownFileType = sourcecode.c.objc; path = main.m; sourceTree = "<group>"; };
		DA7BA0DF4B1DBF5D7CF487E1 /* Pods-Hakaton.debug.xcconfig */ = {isa = PBXFileReference; includeInIndex = 1; lastKnownFileType = text.xcconfig; name = "Pods-Hakaton.debug.xcconfig"; path = "Pods/Target Support Files/Pods-Hakaton/Pods-Hakaton.debug.xcconfig"; sourceTree = "<group>"; };
		E0136CFD557251B3E3546524 /* Pods-Hakaton.release.xcconfig */ = {isa = PBXFileReference; includeInIndex = 1; lastKnownFileType = text.xcconfig; name = "Pods-Hakaton.release.xcconfig"; path = "Pods/Target Support Files/Pods-Hakaton/Pods-Hakaton.release.xcconfig"; sourceTree = "<group>"; };
/* End PBXFileReference section */

/* Begin PBXFrameworksBuildPhase section */
		B293EEB42189C3E800318563 /* Frameworks */ = {
			isa = PBXFrameworksBuildPhase;
			buildActionMask = 2147483647;
			files = (
				231D4150A3EB9021F2018120 /* libPods-Hakaton.a in Frameworks */,
			);
			runOnlyForDeploymentPostprocessing = 0;
		};
/* End PBXFrameworksBuildPhase section */

/* Begin PBXGroup section */
		45B5FF26CFDD3A96C160D99F /* Pods */ = {
			isa = PBXGroup;
			children = (
				DA7BA0DF4B1DBF5D7CF487E1 /* Pods-Hakaton.debug.xcconfig */,
				E0136CFD557251B3E3546524 /* Pods-Hakaton.release.xcconfig */,
			);
			name = Pods;
			sourceTree = "<group>";
		};
		64BDCE5390DE274851EC7061 /* Frameworks */ = {
			isa = PBXGroup;
			children = (
				5D6DA1B06094E6B633CA8EBB /* libPods-Hakaton.a */,
			);
			name = Frameworks;
			sourceTree = "<group>";
		};
		B293EEAE2189C3E800318563 = {
			isa = PBXGroup;
			children = (
				B293EEB92189C3E800318563 /* Hakaton */,
				B293EEB82189C3E800318563 /* Products */,
				45B5FF26CFDD3A96C160D99F /* Pods */,
				64BDCE5390DE274851EC7061 /* Frameworks */,
			);
			sourceTree = "<group>";
		};
		B293EEB82189C3E800318563 /* Products */ = {
			isa = PBXGroup;
			children = (
				B293EEB72189C3E800318563 /* Hakaton.app */,
			);
			name = Products;
			sourceTree = "<group>";
		};
		B293EEB92189C3E800318563 /* Hakaton */ = {
			isa = PBXGroup;
			children = (
				B293EEBA2189C3E800318563 /* AppDelegate.h */,
				B293EEBB2189C3E800318563 /* AppDelegate.m */,
				B293EEBD2189C3E800318563 /* art.scnassets */,
				B293EEBF2189C3E800318563 /* ViewController.h */,
				B293EEC02189C3E800318563 /* ViewController.m */,
				B293EEC22189C3E800318563 /* Main.storyboard */,
				B293EEC52189C3EB00318563 /* Assets.xcassets */,
				B293EEC72189C3EB00318563 /* LaunchScreen.storyboard */,
				B293EECA2189C3EB00318563 /* Info.plist */,
				B293EECB2189C3EB00318563 /* main.m */,
			);
			path = Hakaton;
			sourceTree = "<group>";
		};
/* End PBXGroup section */

/* Begin PBXNativeTarget section */
		B293EEB62189C3E800318563 /* Hakaton */ = {
			isa = PBXNativeTarget;
			buildConfigurationList = B293EECF2189C3EB00318563 /* Build configuration list for PBXNativeTarget "Hakaton" */;
			buildPhases = (
				D3FC958D0C2CA318FFDFB030 /* [CP] Check Pods Manifest.lock */,
				B293EEB32189C3E800318563 /* Sources */,
				B293EEB42189C3E800318563 /* Frameworks */,
				B293EEB52189C3E800318563 /* Resources */,
			);
			buildRules = (
			);
			dependencies = (
			);
			name = Hakaton;
			productName = Hakaton;
			productReference = B293EEB72189C3E800318563 /* Hakaton.app */;
			productType = "com.apple.product-type.application";
		};
/* End PBXNativeTarget section */

/* Begin PBXProject section */
		B293EEAF2189C3E800318563 /* Project object */ = {
			isa = PBXProject;
			attributes = {
				LastUpgradeCheck = 1000;
				ORGANIZATIONNAME = Sberbank;
				TargetAttributes = {
					B293EEB62189C3E800318563 = {
						CreatedOnToolsVersion = 10.0;
					};
				};
			};
			buildConfigurationList = B293EEB22189C3E800318563 /* Build configuration list for PBXProject "Hakaton" */;
			compatibilityVersion = "Xcode 9.3";
			developmentRegion = en;
			hasScannedForEncodings = 0;
			knownRegions = (
				en,
				Base,
			);
			mainGroup = B293EEAE2189C3E800318563;
			productRefGroup = B293EEB82189C3E800318563 /* Products */;
			projectDirPath = "";
			projectRoot = "";
			targets = (
				B293EEB62189C3E800318563 /* Hakaton */,
			);
		};
/* End PBXProject section */

/* Begin PBXResourcesBuildPhase section */
		B293EEB52189C3E800318563 /* Resources */ = {
			isa = PBXResourcesBuildPhase;
			buildActionMask = 2147483647;
			files = (
				B293EEBE2189C3E800318563 /* art.scnassets in Resources */,
				B293EEC92189C3EB00318563 /* LaunchScreen.storyboard in Resources */,
				B293EEC62189C3EB00318563 /* Assets.xcassets in Resources */,
				B293EEC42189C3E800318563 /* Main.storyboard in Resources */,
			);
			runOnlyForDeploymentPostprocessing = 0;
		};
/* End PBXResourcesBuildPhase section */

/* Begin PBXShellScriptBuildPhase section */
		D3FC958D0C2CA318FFDFB030 /* [CP] Check Pods Manifest.lock */ = {
			isa = PBXShellScriptBuildPhase;
			buildActionMask = 2147483647;
			files = (
			);
			inputPaths = (
				"${PODS_PODFILE_DIR_PATH}/Podfile.lock",
				"${PODS_ROOT}/Manifest.lock",
			);
			name = "[CP] Check Pods Manifest.lock";
			outputPaths = (
				"$(DERIVED_FILE_DIR)/Pods-Hakaton-checkManifestLockResult.txt",
			);
			runOnlyForDeploymentPostprocessing = 0;
			shellPath = /bin/sh;
			shellScript = "diff \"${PODS_PODFILE_DIR_PATH}/Podfile.lock\" \"${PODS_ROOT}/Manifest.lock\" > /dev/null\nif [ $? != 0 ] ; then\n    # print error to STDERR\n    echo \"error: The sandbox is not in sync with the Podfile.lock. Run 'pod install' or update your CocoaPods installation.\" >&2\n    exit 1\nfi\n# This output is used by Xcode 'outputs' to avoid re-running this script phase.\necho \"SUCCESS\" > \"${SCRIPT_OUTPUT_FILE_0}\"\n";
			showEnvVarsInLog = 0;
		};
/* End PBXShellScriptBuildPhase section */

/* Begin PBXSourcesBuildPhase section */
		B293EEB32189C3E800318563 /* Sources */ = {
			isa = PBXSourcesBuildPhase;
			buildActionMask = 2147483647;
			files = (
				B293EEC12189C3E800318563 /* ViewController.m in Sources */,
				B293EECC2189C3EB00318563 /* main.m in Sources */,
				B293EEBC2189C3E800318563 /* AppDelegate.m in Sources */,
			);
			runOnlyForDeploymentPostprocessing = 0;
		};
/* End PBXSourcesBuildPhase section */

/* Begin PBXVariantGroup section */
		B293EEC22189C3E800318563 /* Main.storyboard */ = {
			isa = PBXVariantGroup;
			children = (
				B293EEC32189C3E800318563 /* Base */,
			);
			name = Main.storyboard;
			sourceTree = "<group>";
		};
		B293EEC72189C3EB00318563 /* LaunchScreen.storyboard */ = {
			isa = PBXVariantGroup;
			children = (
				B293EEC82189C3EB00318563 /* Base */,
			);
			name = LaunchScreen.storyboard;
			sourceTree = "<group>";
		};
/* End PBXVariantGroup section */

/* Begin XCBuildConfiguration section */
		B293EECD2189C3EB00318563 /* Debug */ = {
			isa = XCBuildConfiguration;
			buildSettings = {
				ALWAYS_SEARCH_USER_PATHS = NO;
				CLANG_ANALYZER_NONNULL = YES;
				CLANG_ANALYZER_NUMBER_OBJECT_CONVERSION = YES_AGGRESSIVE;
				CLANG_CXX_LANGUAGE_STANDARD = "gnu++14";
				CLANG_CXX_LIBRARY = "libc++";
				CLANG_ENABLE_MODULES = YES;
				CLANG_ENABLE_OBJC_ARC = YES;
				CLANG_ENABLE_OBJC_WEAK = YES;
				CLANG_WARN_BLOCK_CAPTURE_AUTORELEASING = YES;
				CLANG_WARN_BOOL_CONVERSION = YES;
				CLANG_WARN_COMMA = YES;
				CLANG_WARN_CONSTANT_CONVERSION = YES;
				CLANG_WARN_DEPRECATED_OBJC_IMPLEMENTATIONS = YES;
				CLANG_WARN_DIRECT_OBJC_ISA_USAGE = YES_ERROR;
				CLANG_WARN_DOCUMENTATION_COMMENTS = YES;
				CLANG_WARN_EMPTY_BODY = YES;
				CLANG_WARN_ENUM_CONVERSION = YES;
				CLANG_WARN_INFINITE_RECURSION = YES;
				CLANG_WARN_INT_CONVERSION = YES;
				CLANG_WARN_NON_LITERAL_NULL_CONVERSION = YES;
				CLANG_WARN_OBJC_IMPLICIT_RETAIN_SELF = YES;
				CLANG_WARN_OBJC_LITERAL_CONVERSION = YES;
				CLANG_WARN_OBJC_ROOT_CLASS = YES_ERROR;
				CLANG_WARN_RANGE_LOOP_ANALYSIS = YES;
				CLANG_WARN_STRICT_PROTOTYPES = YES;
				CLANG_WARN_SUSPICIOUS_MOVE = YES;
				CLANG_WARN_UNGUARDED_AVAILABILITY = YES_AGGRESSIVE;
				CLANG_WARN_UNREACHABLE_CODE = YES;
				CLANG_WARN__DUPLICATE_METHOD_MATCH = YES;
				CODE_SIGN_IDENTITY = "iPhone Developer";
				COPY_PHASE_STRIP = NO;
				DEBUG_INFORMATION_FORMAT = dwarf;
				ENABLE_STRICT_OBJC_MSGSEND = YES;
				ENABLE_TESTABILITY = YES;
				GCC_C_LANGUAGE_STANDARD = gnu11;
				GCC_DYNAMIC_NO_PIC = NO;
				GCC_NO_COMMON_BLOCKS = YES;
				GCC_OPTIMIZATION_LEVEL = 0;
				GCC_PREPROCESSOR_DEFINITIONS = (
					"DEBUG=1",
					"$(inherited)",
				);
				GCC_WARN_64_TO_32_BIT_CONVERSION = YES;
				GCC_WARN_ABOUT_RETURN_TYPE = YES_ERROR;
				GCC_WARN_UNDECLARED_SELECTOR = YES;
				GCC_WARN_UNINITIALIZED_AUTOS = YES_AGGRESSIVE;
				GCC_WARN_UNUSED_FUNCTION = YES;
				GCC_WARN_UNUSED_VARIABLE = YES;
				IPHONEOS_DEPLOYMENT_TARGET = 12.0;
				MTL_ENABLE_DEBUG_INFO = INCLUDE_SOURCE;
				MTL_FAST_MATH = YES;
				ONLY_ACTIVE_ARCH = YES;
				SDKROOT = iphoneos;
			};
			name = Debug;
		};
		B293EECE2189C3EB00318563 /* Release */ = {
			isa = XCBuildConfiguration;
			buildSettings = {
				ALWAYS_SEARCH_USER_PATHS = NO;
				CLANG_ANALYZER_NONNULL = YES;
				CLANG_ANALYZER_NUMBER_OBJECT_CONVERSION = YES_AGGRESSIVE;
				CLANG_CXX_LANGUAGE_STANDARD = "gnu++14";
				CLANG_CXX_LIBRARY = "libc++";
				CLANG_ENABLE_MODULES = YES;
				CLANG_ENABLE_OBJC_ARC = YES;
				CLANG_ENABLE_OBJC_WEAK = YES;
				CLANG_WARN_BLOCK_CAPTURE_AUTORELEASING = YES;
				CLANG_WARN_BOOL_CONVERSION = YES;
				CLANG_WARN_COMMA = YES;
				CLANG_WARN_CONSTANT_CONVERSION = YES;
				CLANG_WARN_DEPRECATED_OBJC_IMPLEMENTATIONS = YES;
				CLANG_WARN_DIRECT_OBJC_ISA_USAGE = YES_ERROR;
				CLANG_WARN_DOCUMENTATION_COMMENTS = YES;
				CLANG_WARN_EMPTY_BODY = YES;
				CLANG_WARN_ENUM_CONVERSION = YES;
				CLANG_WARN_INFINITE_RECURSION = YES;
				CLANG_WARN_INT_CONVERSION = YES;
				CLANG_WARN_NON_LITERAL_NULL_CONVERSION = YES;
				CLANG_WARN_OBJC_IMPLICIT_RETAIN_SELF = YES;
				CLANG_WARN_OBJC_LITERAL_CONVERSION = YES;
				CLANG_WARN_OBJC_ROOT_CLASS = YES_ERROR;
				CLANG_WARN_RANGE_LOOP_ANALYSIS = YES;
				CLANG_WARN_STRICT_PROTOTYPES = YES;
				CLANG_WARN_SUSPICIOUS_MOVE = YES;
				CLANG_WARN_UNGUARDED_AVAILABILITY = YES_AGGRESSIVE;
				CLANG_WARN_UNREACHABLE_CODE = YES;
				CLANG_WARN__DUPLICATE_METHOD_MATCH = YES;
				CODE_SIGN_IDENTITY = "iPhone Developer";
				COPY_PHASE_STRIP = NO;
				DEBUG_INFORMATION_FORMAT = "dwarf-with-dsym";
				ENABLE_NS_ASSERTIONS = NO;
				ENABLE_STRICT_OBJC_MSGSEND = YES;
				GCC_C_LANGUAGE_STANDARD = gnu11;
				GCC_NO_COMMON_BLOCKS = YES;
				GCC_WARN_64_TO_32_BIT_CONVERSION = YES;
				GCC_WARN_ABOUT_RETURN_TYPE = YES_ERROR;
				GCC_WARN_UNDECLARED_SELECTOR = YES;
				GCC_WARN_UNINITIALIZED_AUTOS = YES_AGGRESSIVE;
				GCC_WARN_UNUSED_FUNCTION = YES;
				GCC_WARN_UNUSED_VARIABLE = YES;
				IPHONEOS_DEPLOYMENT_TARGET = 12.0;
				MTL_ENABLE_DEBUG_INFO = NO;
				MTL_FAST_MATH = YES;
				SDKROOT = iphoneos;
				VALIDATE_PRODUCT = YES;
			};
			name = Release;
		};
		B293EED02189C3EB00318563 /* Debug */ = {
			isa = XCBuildConfiguration;
			baseConfigurationReference = DA7BA0DF4B1DBF5D7CF487E1 /* Pods-Hakaton.debug.xcconfig */;
			buildSettings = {
				ASSETCATALOG_COMPILER_APPICON_NAME = AppIcon;
				CODE_SIGN_STYLE = Automatic;
				DEVELOPMENT_TEAM = B5MHTW4TA8;
				INFOPLIST_FILE = Hakaton/Info.plist;
				LD_RUNPATH_SEARCH_PATHS = "$(inherited) @executable_path/Frameworks";
				PRODUCT_BUNDLE_IDENTIFIER = ru.sberbank.Football.Hakaton;
				PRODUCT_NAME = "$(TARGET_NAME)";
				TARGETED_DEVICE_FAMILY = "1,2";
			};
			name = Debug;
		};
		B293EED12189C3EB00318563 /* Release */ = {
			isa = XCBuildConfiguration;
			baseConfigurationReference = E0136CFD557251B3E3546524 /* Pods-Hakaton.release.xcconfig */;
			buildSettings = {
				ASSETCATALOG_COMPILER_APPICON_NAME = AppIcon;
				CODE_SIGN_STYLE = Automatic;
				DEVELOPMENT_TEAM = B5MHTW4TA8;
				INFOPLIST_FILE = Hakaton/Info.plist;
				LD_RUNPATH_SEARCH_PATHS = "$(inherited) @executable_path/Frameworks";
				PRODUCT_BUNDLE_IDENTIFIER = ru.sberbank.Football.Hakaton;
				PRODUCT_NAME = "$(TARGET_NAME)";
				TARGETED_DEVICE_FAMILY = "1,2";
			};
			name = Release;
		};
/* End XCBuildConfiguration section */

/* Begin XCConfigurationList section */
		B293EEB22189C3E800318563 /* Build configuration list for PBXProject "Hakaton" */ = {
			isa = XCConfigurationList;
			buildConfigurations = (
				B293EECD2189C3EB00318563 /* Debug */,
				B293EECE2189C3EB00318563 /* Release */,
			);
			defaultConfigurationIsVisible = 0;
			defaultConfigurationName = Release;
		};
		B293EECF2189C3EB00318563 /* Build configuration list for PBXNativeTarget "Hakaton" */ = {
			isa = XCConfigurationList;
			buildConfigurations = (
				B293EED02189C3EB00318563 /* Debug */,
				B293EED12189C3EB00318563 /* Release */,
			);
			defaultConfigurationIsVisible = 0;
			defaultConfigurationName = Release;
		};
/* End XCConfigurationList section */
	};
	rootObject = B293EEAF2189C3E800318563 /* Project object */;
}
